
Microsoft Visual Studio Solution File, Format Version 12.00
# Visual Studio Version 17
VisualStudioVersion = 17.10.35027.167
MinimumVisualStudioVersion = 10.0.40219.1
Project("{9A19103F-16F7-4668-BE54-9A1E7A4F7556}") = "Konnect.Main", "Konnect.Main\Konnect.Main.csproj", "{2E00EAF9-3501-4737-84E8-245AE6D828C2}"
EndProject
Project("{FAE04EC0-301F-11D3-BF4B-00C04F79EFBC}") = "Konnect.Framework", "Konnect.Framework\Konnect.Framework.csproj", "{4762218B-45D2-4B2C-87EC-5BD806A2C31C}"
EndProject
Global
	GlobalSection(SolutionConfigurationPlatforms) = preSolution
		Debug|Any CPU = Debug|Any CPU
		Release|Any CPU = Release|Any CPU
	EndGlobalSection
	GlobalSection(ProjectConfigurationPlatforms) = postSolution
		{2E00EAF9-3501-4737-84E8-245AE6D828C2}.Debug|Any CPU.ActiveCfg = Debug|Any CPU
		{2E00EAF9-3501-4737-84E8-245AE6D828C2}.Debug|Any CPU.Build.0 = Debug|Any CPU
		{2E00EAF9-3501-4737-84E8-245AE6D828C2}.Release|Any CPU.ActiveCfg = Release|Any CPU
		{2E00EAF9-3501-4737-84E8-245AE6D828C2}.Release|Any CPU.Build.0 = Release|Any CPU
		{4762218B-45D2-4B2C-87EC-5BD806A2C31C}.Debug|Any CPU.ActiveCfg = Debug|Any CPU
		{4762218B-45D2-4B2C-87EC-5BD806A2C31C}.Debug|Any CPU.Build.0 = Debug|Any CPU
		{4762218B-45D2-4B2C-87EC-5BD806A2C31C}.Release|Any CPU.ActiveCfg = Release|Any CPU
		{4762218B-45D2-4B2C-87EC-5BD806A2C31C}.Release|Any CPU.Build.0 = Release|Any CPU
	EndGlobalSection
	GlobalSection(SolutionProperties) = preSolution
		HideSolutionNode = FALSE
	EndGlobalSection
	GlobalSection(ExtensibilityGlobals) = postSolution
		SolutionGuid = {6BC1EDF4-02B4-4FAA-8019-8F5E8766C7EC}
	EndGlobalSection
EndGlobal
